
Microsoft Visual Studio Solution File, Format Version 12.00
# Visual Studio Version 18
VisualStudioVersion = 18.3.11520.95
MinimumVisualStudioVersion = 10.0.40219.1
Project("{9A19103F-16F7-4668-BE54-9A1E7A4F7556}") = "IndigoMovieManager_fork", "IndigoMovieManager_fork.csproj", "{7D1E720E-5BC1-4BAA-9230-9363BBCBDD75}"
EndProject
Project("{2150E333-8FDC-42A3-9474-1A3956D46DE8}") = "Tests", "Tests", "{0AB3BF05-4346-4AA6-1389-037BE0695223}"
EndProject
Project("{FAE04EC0-301F-11D3-BF4B-00C04F79EFBC}") = "IndigoMovieManager_fork.Tests", "Tests\IndigoMovieManager_fork.Tests\IndigoMovieManager_fork.Tests.csproj", "{8FD8D031-8E57-49D7-8B0A-E6254B4DB584}"
EndProject
Project("{2150E333-8FDC-42A3-9474-1A3956D46DE8}") = "src", "src", "{827E0CD3-B72D-47B6-A68D-7590B98EB39B}"
EndProject
Project("{FAE04EC0-301F-11D3-BF4B-00C04F79EFBC}") = "IndigoMovieManager.Thumbnail.Engine", "src\IndigoMovieManager.Thumbnail.Engine\IndigoMovieManager.Thumbnail.Engine.csproj", "{8D881E49-3457-4366-8706-0EB44303E9FC}"
EndProject
Project("{FAE04EC0-301F-11D3-BF4B-00C04F79EFBC}") = "IndigoMovieManager.Thumbnail.Queue", "src\IndigoMovieManager.Thumbnail.Queue\IndigoMovieManager.Thumbnail.Queue.csproj", "{5529EA98-81C6-4CB5-A91D-36021419EA11}"
EndProject
Project("{FAE04EC0-301F-11D3-BF4B-00C04F79EFBC}") = "IndigoMovieManager.FileIndex.UsnMft", "src\IndigoMovieManager.FileIndex.UsnMft\IndigoMovieManager.FileIndex.UsnMft.csproj", "{8127403A-D5A8-4FD6-A4E2-19CE5828F5CB}"
EndProject
Project("{FAE04EC0-301F-11D3-BF4B-00C04F79EFBC}") = "IndigoMovieManager.Thumbnail.WorkerCore", "src\IndigoMovieManager.Thumbnail.WorkerCore\IndigoMovieManager.Thumbnail.WorkerCore.csproj", "{BE490B01-2478-4D5C-8E49-1DA1A2D6DFD9}"
EndProject
Project("{FAE04EC0-301F-11D3-BF4B-00C04F79EFBC}") = "IndigoMovieManager.Thumbnail.Worker", "src\IndigoMovieManager.Thumbnail.Worker\IndigoMovieManager.Thumbnail.Worker.csproj", "{E992227E-7022-4315-A5CA-EFCDD0B839D9}"
EndProject
Project("{FAE04EC0-301F-11D3-BF4B-00C04F79EFBC}") = "IndigoMovieManager.Thumbnail.ProgressViewer", "src\IndigoMovieManager.Thumbnail.ProgressViewer\IndigoMovieManager.Thumbnail.ProgressViewer.csproj", "{3BC020B0-7565-48FB-9F74-C90D795BB855}"
EndProject
Project("{9A19103F-16F7-4668-BE54-9A1E7A4F7556}") = "IndigoMovieManager.Thumbnail.Coordinator", "src\IndigoMovieManager.Thumbnail.Coordinator\IndigoMovieManager.Thumbnail.Coordinator.csproj", "{B5E6C3BA-8F8D-4A26-A7D9-CC1C65A59F3A}"
EndProject
Project("{FAE04EC0-301F-11D3-BF4B-00C04F79EFBC}") = "IndigoMovieManager.AdminService", "src\IndigoMovieManager.AdminService\IndigoMovieManager.AdminService.csproj", "{FF3D02EC-7AE2-4465-A530-A2F8FA26D3EC}"
EndProject
Project("{9A19103F-16F7-4668-BE54-9A1E7A4F7556}") = "IndigoMovieManager.Thumbnail.DropTool", "src\IndigoMovieManager.Thumbnail.DropTool\IndigoMovieManager.Thumbnail.DropTool.csproj", "{E8230E29-5755-42FB-84F8-9A72AE41897F}"
EndProject
Global
	GlobalSection(SolutionConfigurationPlatforms) = preSolution
		Debug|x64 = Debug|x64
		Debug|Any CPU = Debug|Any CPU
		Debug|x86 = Debug|x86
		Release|x64 = Release|x64
		Release|Any CPU = Release|Any CPU
		Release|x86 = Release|x86
	EndGlobalSection
	GlobalSection(ProjectConfigurationPlatforms) = postSolution
		{7D1E720E-5BC1-4BAA-9230-9363BBCBDD75}.Debug|x64.ActiveCfg = Debug|x64
		{7D1E720E-5BC1-4BAA-9230-9363BBCBDD75}.Debug|x64.Build.0 = Debug|x64
		{7D1E720E-5BC1-4BAA-9230-9363BBCBDD75}.Debug|Any CPU.ActiveCfg = Debug|Any CPU
		{7D1E720E-5BC1-4BAA-9230-9363BBCBDD75}.Debug|Any CPU.Build.0 = Debug|Any CPU
		{7D1E720E-5BC1-4BAA-9230-9363BBCBDD75}.Debug|x86.ActiveCfg = Debug|Any CPU
		{7D1E720E-5BC1-4BAA-9230-9363BBCBDD75}.Debug|x86.Build.0 = Debug|Any CPU
		{7D1E720E-5BC1-4BAA-9230-9363BBCBDD75}.Release|x64.ActiveCfg = Release|x64
		{7D1E720E-5BC1-4BAA-9230-9363BBCBDD75}.Release|x64.Build.0 = Release|x64
		{7D1E720E-5BC1-4BAA-9230-9363BBCBDD75}.Release|Any CPU.ActiveCfg = Release|Any CPU
		{7D1E720E-5BC1-4BAA-9230-9363BBCBDD75}.Release|Any CPU.Build.0 = Release|Any CPU
		{7D1E720E-5BC1-4BAA-9230-9363BBCBDD75}.Release|x86.ActiveCfg = Release|Any CPU
		{7D1E720E-5BC1-4BAA-9230-9363BBCBDD75}.Release|x86.Build.0 = Release|Any CPU
		{8FD8D031-8E57-49D7-8B0A-E6254B4DB584}.Debug|x64.ActiveCfg = Debug|x64
		{8FD8D031-8E57-49D7-8B0A-E6254B4DB584}.Debug|x64.Build.0 = Debug|x64
		{8FD8D031-8E57-49D7-8B0A-E6254B4DB584}.Debug|Any CPU.ActiveCfg = Debug|Any CPU
		{8FD8D031-8E57-49D7-8B0A-E6254B4DB584}.Debug|Any CPU.Build.0 = Debug|Any CPU
		{8FD8D031-8E57-49D7-8B0A-E6254B4DB584}.Debug|x86.ActiveCfg = Debug|Any CPU
		{8FD8D031-8E57-49D7-8B0A-E6254B4DB584}.Debug|x86.Build.0 = Debug|Any CPU
		{8FD8D031-8E57-49D7-8B0A-E6254B4DB584}.Release|x64.ActiveCfg = Release|x64
		{8FD8D031-8E57-49D7-8B0A-E6254B4DB584}.Release|x64.Build.0 = Release|x64
		{8FD8D031-8E57-49D7-8B0A-E6254B4DB584}.Release|Any CPU.ActiveCfg = Release|Any CPU
		{8FD8D031-8E57-49D7-8B0A-E6254B4DB584}.Release|Any CPU.Build.0 = Release|Any CPU
		{8FD8D031-8E57-49D7-8B0A-E6254B4DB584}.Release|x86.ActiveCfg = Release|Any CPU
		{8FD8D031-8E57-49D7-8B0A-E6254B4DB584}.Release|x86.Build.0 = Release|Any CPU
		{8D881E49-3457-4366-8706-0EB44303E9FC}.Debug|x64.ActiveCfg = Debug|x64
		{8D881E49-3457-4366-8706-0EB44303E9FC}.Debug|x64.Build.0 = Debug|x64
		{8D881E49-3457-4366-8706-0EB44303E9FC}.Debug|Any CPU.ActiveCfg = Debug|Any CPU
		{8D881E49-3457-4366-8706-0EB44303E9FC}.Debug|Any CPU.Build.0 = Debug|Any CPU
		{8D881E49-3457-4366-8706-0EB44303E9FC}.Debug|x86.ActiveCfg = Debug|Any CPU
		{8D881E49-3457-4366-8706-0EB44303E9FC}.Debug|x86.Build.0 = Debug|Any CPU
		{8D881E49-3457-4366-8706-0EB44303E9FC}.Release|x64.ActiveCfg = Release|x64
		{8D881E49-3457-4366-8706-0EB44303E9FC}.Release|x64.Build.0 = Release|x64
		{8D881E49-3457-4366-8706-0EB44303E9FC}.Release|Any CPU.ActiveCfg = Release|Any CPU
		{8D881E49-3457-4366-8706-0EB44303E9FC}.Release|Any CPU.Build.0 = Release|Any CPU
		{8D881E49-3457-4366-8706-0EB44303E9FC}.Release|x86.ActiveCfg = Release|Any CPU
		{8D881E49-3457-4366-8706-0EB44303E9FC}.Release|x86.Build.0 = Release|Any CPU
		{5529EA98-81C6-4CB5-A91D-36021419EA11}.Debug|x64.ActiveCfg = Debug|x64
		{5529EA98-81C6-4CB5-A91D-36021419EA11}.Debug|x64.Build.0 = Debug|x64
		{5529EA98-81C6-4CB5-A91D-36021419EA11}.Debug|Any CPU.ActiveCfg = Debug|Any CPU
		{5529EA98-81C6-4CB5-A91D-36021419EA11}.Debug|Any CPU.Build.0 = Debug|Any CPU
		{5529EA98-81C6-4CB5-A91D-36021419EA11}.Debug|x86.ActiveCfg = Debug|Any CPU
		{5529EA98-81C6-4CB5-A91D-36021419EA11}.Debug|x86.Build.0 = Debug|Any CPU
		{5529EA98-81C6-4CB5-A91D-36021419EA11}.Release|x64.ActiveCfg = Release|x64
		{5529EA98-81C6-4CB5-A91D-36021419EA11}.Release|x64.Build.0 = Release|x64
		{5529EA98-81C6-4CB5-A91D-36021419EA11}.Release|Any CPU.ActiveCfg = Release|Any CPU
		{5529EA98-81C6-4CB5-A91D-36021419EA11}.Release|Any CPU.Build.0 = Release|Any CPU
		{5529EA98-81C6-4CB5-A91D-36021419EA11}.Release|x86.ActiveCfg = Release|Any CPU
		{5529EA98-81C6-4CB5-A91D-36021419EA11}.Release|x86.Build.0 = Release|Any CPU
		{8127403A-D5A8-4FD6-A4E2-19CE5828F5CB}.Debug|x64.ActiveCfg = Debug|x64
		{8127403A-D5A8-4FD6-A4E2-19CE5828F5CB}.Debug|x64.Build.0 = Debug|x64
		{8127403A-D5A8-4FD6-A4E2-19CE5828F5CB}.Debug|Any CPU.ActiveCfg = Debug|Any CPU
		{8127403A-D5A8-4FD6-A4E2-19CE5828F5CB}.Debug|Any CPU.Build.0 = Debug|Any CPU
		{8127403A-D5A8-4FD6-A4E2-19CE5828F5CB}.Debug|x86.ActiveCfg = Debug|Any CPU
		{8127403A-D5A8-4FD6-A4E2-19CE5828F5CB}.Debug|x86.Build.0 = Debug|Any CPU
		{8127403A-D5A8-4FD6-A4E2-19CE5828F5CB}.Release|x64.ActiveCfg = Release|x64
		{8127403A-D5A8-4FD6-A4E2-19CE5828F5CB}.Release|x64.Build.0 = Release|x64
		{8127403A-D5A8-4FD6-A4E2-19CE5828F5CB}.Release|Any CPU.ActiveCfg = Release|Any CPU
		{8127403A-D5A8-4FD6-A4E2-19CE5828F5CB}.Release|Any CPU.Build.0 = Release|Any CPU
		{8127403A-D5A8-4FD6-A4E2-19CE5828F5CB}.Release|x86.ActiveCfg = Release|Any CPU
		{8127403A-D5A8-4FD6-A4E2-19CE5828F5CB}.Release|x86.Build.0 = Release|Any CPU
		{BE490B01-2478-4D5C-8E49-1DA1A2D6DFD9}.Debug|x64.ActiveCfg = Debug|x64
		{BE490B01-2478-4D5C-8E49-1DA1A2D6DFD9}.Debug|x64.Build.0 = Debug|x64
		{BE490B01-2478-4D5C-8E49-1DA1A2D6DFD9}.Debug|Any CPU.ActiveCfg = Debug|x64
		{BE490B01-2478-4D5C-8E49-1DA1A2D6DFD9}.Debug|Any CPU.Build.0 = Debug|x64
		{BE490B01-2478-4D5C-8E49-1DA1A2D6DFD9}.Debug|x86.ActiveCfg = Debug|x64
		{BE490B01-2478-4D5C-8E49-1DA1A2D6DFD9}.Debug|x86.Build.0 = Debug|x64
		{BE490B01-2478-4D5C-8E49-1DA1A2D6DFD9}.Release|x64.ActiveCfg = Release|x64
		{BE490B01-2478-4D5C-8E49-1DA1A2D6DFD9}.Release|x64.Build.0 = Release|x64
		{BE490B01-2478-4D5C-8E49-1DA1A2D6DFD9}.Release|Any CPU.ActiveCfg = Release|x64
		{BE490B01-2478-4D5C-8E49-1DA1A2D6DFD9}.Release|Any CPU.Build.0 = Release|x64
		{BE490B01-2478-4D5C-8E49-1DA1A2D6DFD9}.Release|x86.ActiveCfg = Release|x64
		{BE490B01-2478-4D5C-8E49-1DA1A2D6DFD9}.Release|x86.Build.0 = Release|x64
		{E992227E-7022-4315-A5CA-EFCDD0B839D9}.Debug|x64.ActiveCfg = Debug|x64
		{E992227E-7022-4315-A5CA-EFCDD0B839D9}.Debug|x64.Build.0 = Debug|x64
		{E992227E-7022-4315-A5CA-EFCDD0B839D9}.Debug|Any CPU.ActiveCfg = Debug|x64
		{E992227E-7022-4315-A5CA-EFCDD0B839D9}.Debug|Any CPU.Build.0 = Debug|x64
		{E992227E-7022-4315-A5CA-EFCDD0B839D9}.Debug|x86.ActiveCfg = Debug|x64
		{E992227E-7022-4315-A5CA-EFCDD0B839D9}.Debug|x86.Build.0 = Debug|x64
		{E992227E-7022-4315-A5CA-EFCDD0B839D9}.Release|x64.ActiveCfg = Release|x64
		{E992227E-7022-4315-A5CA-EFCDD0B839D9}.Release|x64.Build.0 = Release|x64
		{E992227E-7022-4315-A5CA-EFCDD0B839D9}.Release|Any CPU.ActiveCfg = Release|x64
		{E992227E-7022-4315-A5CA-EFCDD0B839D9}.Release|Any CPU.Build.0 = Release|x64
		{E992227E-7022-4315-A5CA-EFCDD0B839D9}.Release|x86.ActiveCfg = Release|x64
		{E992227E-7022-4315-A5CA-EFCDD0B839D9}.Release|x86.Build.0 = Release|x64
		{3BC020B0-7565-48FB-9F74-C90D795BB855}.Debug|x64.ActiveCfg = Debug|x64
		{3BC020B0-7565-48FB-9F74-C90D795BB855}.Debug|x64.Build.0 = Debug|x64
		{3BC020B0-7565-48FB-9F74-C90D795BB855}.Debug|Any CPU.ActiveCfg = Debug|x64
		{3BC020B0-7565-48FB-9F74-C90D795BB855}.Debug|Any CPU.Build.0 = Debug|x64
		{3BC020B0-7565-48FB-9F74-C90D795BB855}.Debug|x86.ActiveCfg = Debug|x64
		{3BC020B0-7565-48FB-9F74-C90D795BB855}.Debug|x86.Build.0 = Debug|x64
		{3BC020B0-7565-48FB-9F74-C90D795BB855}.Release|x64.ActiveCfg = Release|x64
		{3BC020B0-7565-48FB-9F74-C90D795BB855}.Release|x64.Build.0 = Release|x64
		{3BC020B0-7565-48FB-9F74-C90D795BB855}.Release|Any CPU.ActiveCfg = Release|x64
		{3BC020B0-7565-48FB-9F74-C90D795BB855}.Release|Any CPU.Build.0 = Release|x64
		{3BC020B0-7565-48FB-9F74-C90D795BB855}.Release|x86.ActiveCfg = Release|x64
		{3BC020B0-7565-48FB-9F74-C90D795BB855}.Release|x86.Build.0 = Release|x64
		{B5E6C3BA-8F8D-4A26-A7D9-CC1C65A59F3A}.Debug|x64.ActiveCfg = Debug|x64
		{B5E6C3BA-8F8D-4A26-A7D9-CC1C65A59F3A}.Debug|x64.Build.0 = Debug|x64
		{B5E6C3BA-8F8D-4A26-A7D9-CC1C65A59F3A}.Debug|Any CPU.ActiveCfg = Debug|x64
		{B5E6C3BA-8F8D-4A26-A7D9-CC1C65A59F3A}.Debug|Any CPU.Build.0 = Debug|x64
		{B5E6C3BA-8F8D-4A26-A7D9-CC1C65A59F3A}.Debug|x86.ActiveCfg = Debug|x64
		{B5E6C3BA-8F8D-4A26-A7D9-CC1C65A59F3A}.Debug|x86.Build.0 = Debug|x64
		{B5E6C3BA-8F8D-4A26-A7D9-CC1C65A59F3A}.Release|x64.ActiveCfg = Release|x64
		{B5E6C3BA-8F8D-4A26-A7D9-CC1C65A59F3A}.Release|x64.Build.0 = Release|x64
		{B5E6C3BA-8F8D-4A26-A7D9-CC1C65A59F3A}.Release|Any CPU.ActiveCfg = Release|x64
		{B5E6C3BA-8F8D-4A26-A7D9-CC1C65A59F3A}.Release|Any CPU.Build.0 = Release|x64
		{B5E6C3BA-8F8D-4A26-A7D9-CC1C65A59F3A}.Release|x86.ActiveCfg = Release|x64
		{B5E6C3BA-8F8D-4A26-A7D9-CC1C65A59F3A}.Release|x86.Build.0 = Release|x64
		{FF3D02EC-7AE2-4465-A530-A2F8FA26D3EC}.Debug|x64.ActiveCfg = Debug|x64
		{FF3D02EC-7AE2-4465-A530-A2F8FA26D3EC}.Debug|x64.Build.0 = Debug|x64
		{FF3D02EC-7AE2-4465-A530-A2F8FA26D3EC}.Debug|Any CPU.ActiveCfg = Debug|x64
		{FF3D02EC-7AE2-4465-A530-A2F8FA26D3EC}.Debug|Any CPU.Build.0 = Debug|x64
		{FF3D02EC-7AE2-4465-A530-A2F8FA26D3EC}.Debug|x86.ActiveCfg = Debug|x64
		{FF3D02EC-7AE2-4465-A530-A2F8FA26D3EC}.Debug|x86.Build.0 = Debug|x64
		{FF3D02EC-7AE2-4465-A530-A2F8FA26D3EC}.Release|x64.ActiveCfg = Release|x64
		{FF3D02EC-7AE2-4465-A530-A2F8FA26D3EC}.Release|x64.Build.0 = Release|x64
		{FF3D02EC-7AE2-4465-A530-A2F8FA26D3EC}.Release|Any CPU.ActiveCfg = Release|x64
		{FF3D02EC-7AE2-4465-A530-A2F8FA26D3EC}.Release|Any CPU.Build.0 = Release|x64
		{FF3D02EC-7AE2-4465-A530-A2F8FA26D3EC}.Release|x86.ActiveCfg = Release|x64
		{FF3D02EC-7AE2-4465-A530-A2F8FA26D3EC}.Release|x86.Build.0 = Release|x64
		{E8230E29-5755-42FB-84F8-9A72AE41897F}.Debug|x64.ActiveCfg = Debug|x64
		{E8230E29-5755-42FB-84F8-9A72AE41897F}.Debug|x64.Build.0 = Debug|x64
		{E8230E29-5755-42FB-84F8-9A72AE41897F}.Debug|Any CPU.ActiveCfg = Debug|x64
		{E8230E29-5755-42FB-84F8-9A72AE41897F}.Debug|Any CPU.Build.0 = Debug|x64
		{E8230E29-5755-42FB-84F8-9A72AE41897F}.Debug|x86.ActiveCfg = Debug|x64
		{E8230E29-5755-42FB-84F8-9A72AE41897F}.Debug|x86.Build.0 = Debug|x64
		{E8230E29-5755-42FB-84F8-9A72AE41897F}.Release|x64.ActiveCfg = Release|x64
		{E8230E29-5755-42FB-84F8-9A72AE41897F}.Release|x64.Build.0 = Release|x64
		{E8230E29-5755-42FB-84F8-9A72AE41897F}.Release|Any CPU.ActiveCfg = Release|x64
		{E8230E29-5755-42FB-84F8-9A72AE41897F}.Release|Any CPU.Build.0 = Release|x64
		{E8230E29-5755-42FB-84F8-9A72AE41897F}.Release|x86.ActiveCfg = Release|x64
		{E8230E29-5755-42FB-84F8-9A72AE41897F}.Release|x86.Build.0 = Release|x64
	EndGlobalSection
	GlobalSection(SolutionProperties) = preSolution
		HideSolutionNode = FALSE
	EndGlobalSection
	GlobalSection(NestedProjects) = preSolution
		{8FD8D031-8E57-49D7-8B0A-E6254B4DB584} = {0AB3BF05-4346-4AA6-1389-037BE0695223}
		{8D881E49-3457-4366-8706-0EB44303E9FC} = {827E0CD3-B72D-47B6-A68D-7590B98EB39B}
		{5529EA98-81C6-4CB5-A91D-36021419EA11} = {827E0CD3-B72D-47B6-A68D-7590B98EB39B}
		{8127403A-D5A8-4FD6-A4E2-19CE5828F5CB} = {827E0CD3-B72D-47B6-A68D-7590B98EB39B}
		{BE490B01-2478-4D5C-8E49-1DA1A2D6DFD9} = {827E0CD3-B72D-47B6-A68D-7590B98EB39B}
		{E992227E-7022-4315-A5CA-EFCDD0B839D9} = {827E0CD3-B72D-47B6-A68D-7590B98EB39B}
		{3BC020B0-7565-48FB-9F74-C90D795BB855} = {827E0CD3-B72D-47B6-A68D-7590B98EB39B}
		{B5E6C3BA-8F8D-4A26-A7D9-CC1C65A59F3A} = {827E0CD3-B72D-47B6-A68D-7590B98EB39B}
		{FF3D02EC-7AE2-4465-A530-A2F8FA26D3EC} = {827E0CD3-B72D-47B6-A68D-7590B98EB39B}
		{E8230E29-5755-42FB-84F8-9A72AE41897F} = {827E0CD3-B72D-47B6-A68D-7590B98EB39B}
	EndGlobalSection
	GlobalSection(ExtensibilityGlobals) = postSolution
		SolutionGuid = {F5D379F6-5561-418C-9E71-24C2BC8B14AE}
	EndGlobalSection
EndGlobal
